
Microsoft Visual Studio Solution File, Format Version 12.00
# Visual Studio Version 17
VisualStudioVersion = 17.3.32804.467
MinimumVisualStudioVersion = 10.0.40219.1
Project("{FAE04EC0-301F-11D3-BF4B-00C04F79EFBC}") = "SuperHeroAPI", "CRUD\SuperHeroAPI.csproj", "{F8835162-7D5A-44A4-93D4-0E1BB4B8E9DC}"
EndProject
Global
	GlobalSection(SolutionConfigurationPlatforms) = preSolution
		Debug|Any CPU = Debug|Any CPU
		Release|Any CPU = Release|Any CPU
	EndGlobalSection
	GlobalSection(ProjectConfigurationPlatforms) = postSolution
		{F8835162-7D5A-44A4-93D4-0E1BB4B8E9DC}.Debug|Any CPU.ActiveCfg = Debug|Any CPU
		{F8835162-7D5A-44A4-93D4-0E1BB4B8E9DC}.Debug|Any CPU.Build.0 = Debug|Any CPU
		{F8835162-7D5A-44A4-93D4-0E1BB4B8E9DC}.Release|Any CPU.ActiveCfg = Release|Any CPU
		{F8835162-7D5A-44A4-93D4-0E1BB4B8E9DC}.Release|Any CPU.Build.0 = Release|Any CPU
	EndGlobalSection
	GlobalSection(SolutionProperties) = preSolution
		HideSolutionNode = FALSE
	EndGlobalSection
	GlobalSection(ExtensibilityGlobals) = postSolution
		SolutionGuid = {17A28DED-6030-470D-9F68-367EE2325BFE}
	EndGlobalSection
EndGlobal
